{
  "name": "FrontCore",
  "lockfileVersion": 3,
  "requires": true,
  "packages": {
    "": {
      "dependencies": {
        "jquery-maskmoney": "^3.0.2"
      }
    },
    "node_modules/jquery": {
      "version": "3.6.4",
      "resolved": "https://registry.npmjs.org/jquery/-/jquery-3.6.4.tgz",
      "integrity": "sha512-v28EW9DWDFpzcD9O5iyJXg3R3+q+mET5JhnjJzQUZMHOv67bpSIHq81GEYpPNZHG+XXHsfSme3nxp/hndKEcsQ=="
    },
    "node_modules/jquery-maskmoney": {
      "version": "3.0.2",
      "resolved": "https://registry.npmjs.org/jquery-maskmoney/-/jquery-maskmoney-3.0.2.tgz",
      "integrity": "sha512-tmhGSfx3QTwrYcZYgELsr8qgcvRcR72+p6D+YrZrlkUdVE6g9vuRLwbl4FuL5X84KBfWBtoX6k2HawYjv2WVag==",
      "dependencies": {
        "jquery": ">=1.6"
      }
    }
  }
}
